
Microsoft Visual Studio Solution File, Format Version 12.00
# Visual Studio 15
Project("{FAE04EC0-301F-11D3-BF4B-00C04F79EFBC}") = "HSZL", "Assembly-CSharp.csproj", "{87C88835-B484-1127-F821-780580DAA512}"
EndProject
Project("{FAE04EC0-301F-11D3-BF4B-00C04F79EFBC}") = "HSZL", "Assembly-CSharp-Editor.csproj", "{586303C0-8D59-0DE1-D07C-E0E717F86782}"
EndProject
Global
	GlobalSection(SolutionConfigurationPlatforms) = preSolution
		Debug|Any CPU = Debug|Any CPU
		Release|Any CPU = Release|Any CPU
	EndGlobalSection
	GlobalSection(ProjectConfigurationPlatforms) = postSolution
		{87C88835-B484-1127-F821-780580DAA512}.Debug|Any CPU.ActiveCfg = Debug|Any CPU
		{87C88835-B484-1127-F821-780580DAA512}.Debug|Any CPU.Build.0 = Debug|Any CPU
		{87C88835-B484-1127-F821-780580DAA512}.Release|Any CPU.ActiveCfg = Release|Any CPU
		{87C88835-B484-1127-F821-780580DAA512}.Release|Any CPU.Build.0 = Release|Any CPU
		{586303C0-8D59-0DE1-D07C-E0E717F86782}.Debug|Any CPU.ActiveCfg = Debug|Any CPU
		{586303C0-8D59-0DE1-D07C-E0E717F86782}.Debug|Any CPU.Build.0 = Debug|Any CPU
		{586303C0-8D59-0DE1-D07C-E0E717F86782}.Release|Any CPU.ActiveCfg = Release|Any CPU
		{586303C0-8D59-0DE1-D07C-E0E717F86782}.Release|Any CPU.Build.0 = Release|Any CPU
	EndGlobalSection
	GlobalSection(SolutionProperties) = preSolution
		HideSolutionNode = FALSE
	EndGlobalSection
EndGlobal
